// !$*UTF8*$!
{
	archiveVersion = 1;
	classes = {
	};
	objectVersion = 50;
	objects = {

/* Begin PBXBuildFile section */
		ED127B402430EDBF00C7E37B /* AppDelegate.swift in Sources */ = {isa = PBXBuildFile; fileRef = ED127B3F2430EDBF00C7E37B /* AppDelegate.swift */; };
		ED127B422430EDBF00C7E37B /* SceneDelegate.swift in Sources */ = {isa = PBXBuildFile; fileRef = ED127B412430EDBF00C7E37B /* SceneDelegate.swift */; };
		ED127B442430EDBF00C7E37B /* ViewController.swift in Sources */ = {isa = PBXBuildFile; fileRef = ED127B432430EDBF00C7E37B /* ViewController.swift */; };
		ED127B472430EDBF00C7E37B /* Main.storyboard in Resources */ = {isa = PBXBuildFile; fileRef = ED127B452430EDBF00C7E37B /* Main.storyboard */; };
		ED127B492430EDC300C7E37B /* Assets.xcassets in Resources */ = {isa = PBXBuildFile; fileRef = ED127B482430EDC300C7E37B /* Assets.xcassets */; };
		ED127B4C2430EDC300C7E37B /* LaunchScreen.storyboard in Resources */ = {isa = PBXBuildFile; fileRef = ED127B4A2430EDC300C7E37B /* LaunchScreen.storyboard */; };
		ED127B572434486000C7E37B /* CardUIButton.swift in Sources */ = {isa = PBXBuildFile; fileRef = ED127B562434486000C7E37B /* CardUIButton.swift */; };
		ED7840D024346526007FB6A6 /* Set.swift in Sources */ = {isa = PBXBuildFile; fileRef = ED7840CF24346526007FB6A6 /* Set.swift */; };
		ED7840D2243466D0007FB6A6 /* Card.swift in Sources */ = {isa = PBXBuildFile; fileRef = ED7840D1243466D0007FB6A6 /* Card.swift */; };
/* End PBXBuildFile section */

/* Begin PBXFileReference section */
		ED127B3C2430EDBF00C7E37B /* Set.app */ = {isa = PBXFileReference; explicitFileType = wrapper.application; includeInIndex = 0; path = Set.app; sourceTree = BUILT_PRODUCTS_DIR; };
		ED127B3F2430EDBF00C7E37B /* AppDelegate.swift */ = {isa = PBXFileReference; lastKnownFileType = sourcecode.swift; path = AppDelegate.swift; sourceTree = "<group>"; };
		ED127B412430EDBF00C7E37B /* SceneDelegate.swift */ = {isa = PBXFileReference; lastKnownFileType = sourcecode.swift; path = SceneDelegate.swift; sourceTree = "<group>"; };
		ED127B432430EDBF00C7E37B /* ViewController.swift */ = {isa = PBXFileReference; lastKnownFileType = sourcecode.swift; path = ViewController.swift; sourceTree = "<group>"; };
		ED127B462430EDBF00C7E37B /* Base */ = {isa = PBXFileReference; lastKnownFileType = file.storyboard; name = Base; path = Base.lproj/Main.storyboard; sourceTree = "<group>"; };
		ED127B482430EDC300C7E37B /* Assets.xcassets */ = {isa = PBXFileReference; lastKnownFileType = folder.assetcatalog; path = Assets.xcassets; sourceTree = "<group>"; };
		ED127B4B2430EDC300C7E37B /* Base */ = {isa = PBXFileReference; lastKnownFileType = file.storyboard; name = Base; path = Base.lproj/LaunchScreen.storyboard; sourceTree = "<group>"; };
		ED127B4D2430EDC300C7E37B /* Info.plist */ = {isa = PBXFileReference; lastKnownFileType = text.plist.xml; path = Info.plist; sourceTree = "<group>"; };
		ED127B562434486000C7E37B /* CardUIButton.swift */ = {isa = PBXFileReference; lastKnownFileType = sourcecode.swift; path = CardUIButton.swift; sourceTree = "<group>"; };
		ED7840CF24346526007FB6A6 /* Set.swift */ = {isa = PBXFileReference; lastKnownFileType = sourcecode.swift; path = Set.swift; sourceTree = "<group>"; };
		ED7840D1243466D0007FB6A6 /* Card.swift */ = {isa = PBXFileReference; lastKnownFileType = sourcecode.swift; path = Card.swift; sourceTree = "<group>"; };
/* End PBXFileReference section */

/* Begin PBXFrameworksBuildPhase section */
		ED127B392430EDBF00C7E37B /* Frameworks */ = {
			isa = PBXFrameworksBuildPhase;
			buildActionMask = 2147483647;
			files = (
			);
			runOnlyForDeploymentPostprocessing = 0;
		};
/* End PBXFrameworksBuildPhase section */

/* Begin PBXGroup section */
		ED127B332430EDBF00C7E37B = {
			isa = PBXGroup;
			children = (
				ED127B3E2430EDBF00C7E37B /* Set */,
				ED127B3D2430EDBF00C7E37B /* Products */,
			);
			sourceTree = "<group>";
		};
		ED127B3D2430EDBF00C7E37B /* Products */ = {
			isa = PBXGroup;
			children = (
				ED127B3C2430EDBF00C7E37B /* Set.app */,
			);
			name = Products;
			sourceTree = "<group>";
		};
		ED127B3E2430EDBF00C7E37B /* Set */ = {
			isa = PBXGroup;
			children = (
				ED127B532430EDD500C7E37B /* Supporting Files */,
				ED127B412430EDBF00C7E37B /* SceneDelegate.swift */,
				ED127B432430EDBF00C7E37B /* ViewController.swift */,
				ED127B452430EDBF00C7E37B /* Main.storyboard */,
				ED127B4D2430EDC300C7E37B /* Info.plist */,
				ED127B562434486000C7E37B /* CardUIButton.swift */,
				ED7840CF24346526007FB6A6 /* Set.swift */,
				ED7840D1243466D0007FB6A6 /* Card.swift */,
			);
			path = Set;
			sourceTree = "<group>";
		};
		ED127B532430EDD500C7E37B /* Supporting Files */ = {
			isa = PBXGroup;
			children = (
				ED127B3F2430EDBF00C7E37B /* AppDelegate.swift */,
				ED127B482430EDC300C7E37B /* Assets.xcassets */,
				ED127B4A2430EDC300C7E37B /* LaunchScreen.storyboard */,
			);
			path = "Supporting Files";
			sourceTree = "<group>";
		};
/* End PBXGroup section */

/* Begin PBXNativeTarget section */
		ED127B3B2430EDBF00C7E37B /* Set */ = {
			isa = PBXNativeTarget;
			buildConfigurationList = ED127B502430EDC300C7E37B /* Build configuration list for PBXNativeTarget "Set" */;
			buildPhases = (
				ED127B382430EDBF00C7E37B /* Sources */,
				ED127B392430EDBF00C7E37B /* Frameworks */,
				ED127B3A2430EDBF00C7E37B /* Resources */,
			);
			buildRules = (
			);
			dependencies = (
			);
			name = Set;
			productName = Set;
			productReference = ED127B3C2430EDBF00C7E37B /* Set.app */;
			productType = "com.apple.product-type.application";
		};
/* End PBXNativeTarget section */

/* Begin PBXProject section */
		ED127B342430EDBF00C7E37B /* Project object */ = {
			isa = PBXProject;
			attributes = {
				LastSwiftUpdateCheck = 1140;
				LastUpgradeCheck = 1140;
				ORGANIZATIONNAME = "Sida Yang";
				TargetAttributes = {
					ED127B3B2430EDBF00C7E37B = {
						CreatedOnToolsVersion = 11.4;
					};
				};
			};
			buildConfigurationList = ED127B372430EDBF00C7E37B /* Build configuration list for PBXProject "Set" */;
			compatibilityVersion = "Xcode 9.3";
			developmentRegion = en;
			hasScannedForEncodings = 0;
			knownRegions = (
				en,
				Base,
			);
			mainGroup = ED127B332430EDBF00C7E37B;
			productRefGroup = ED127B3D2430EDBF00C7E37B /* Products */;
			projectDirPath = "";
			projectRoot = "";
			targets = (
				ED127B3B2430EDBF00C7E37B /* Set */,
			);
		};
/* End PBXProject section */

/* Begin PBXResourcesBuildPhase section */
		ED127B3A2430EDBF00C7E37B /* Resources */ = {
			isa = PBXResourcesBuildPhase;
			buildActionMask = 2147483647;
			files = (
				ED127B4C2430EDC300C7E37B /* LaunchScreen.storyboard in Resources */,
				ED127B492430EDC300C7E37B /* Assets.xcassets in Resources */,
				ED127B472430EDBF00C7E37B /* Main.storyboard in Resources */,
			);
			runOnlyForDeploymentPostprocessing = 0;
		};
/* End PBXResourcesBuildPhase section */

/* Begin PBXSourcesBuildPhase section */
		ED127B382430EDBF00C7E37B /* Sources */ = {
			isa = PBXSourcesBuildPhase;
			buildActionMask = 2147483647;
			files = (
				ED7840D024346526007FB6A6 /* Set.swift in Sources */,
				ED7840D2243466D0007FB6A6 /* Card.swift in Sources */,
				ED127B442430EDBF00C7E37B /* ViewController.swift in Sources */,
				ED127B572434486000C7E37B /* CardUIButton.swift in Sources */,
				ED127B402430EDBF00C7E37B /* AppDelegate.swift in Sources */,
				ED127B422430EDBF00C7E37B /* SceneDelegate.swift in Sources */,
			);
			runOnlyForDeploymentPostprocessing = 0;
		};
/* End PBXSourcesBuildPhase section */

/* Begin PBXVariantGroup section */
		ED127B452430EDBF00C7E37B /* Main.storyboard */ = {
			isa = PBXVariantGroup;
			children = (
				ED127B462430EDBF00C7E37B /* Base */,
			);
			name = Main.storyboard;
			sourceTree = "<group>";
		};
		ED127B4A2430EDC300C7E37B /* LaunchScreen.storyboard */ = {
			isa = PBXVariantGroup;
			children = (
				ED127B4B2430EDC300C7E37B /* Base */,
			);
			name = LaunchScreen.storyboard;
			sourceTree = "<group>";
		};
/* End PBXVariantGroup section */

/* Begin XCBuildConfiguration section */
		ED127B4E2430EDC300C7E37B /* Debug */ = {
			isa = XCBuildConfiguration;
			buildSettings = {
				ALWAYS_SEARCH_USER_PATHS = NO;
				CLANG_ANALYZER_NONNULL = YES;
				CLANG_ANALYZER_NUMBER_OBJECT_CONVERSION = YES_AGGRESSIVE;
				CLANG_CXX_LANGUAGE_STANDARD = "gnu++14";
				CLANG_CXX_LIBRARY = "libc++";
				CLANG_ENABLE_MODULES = YES;
				CLANG_ENABLE_OBJC_ARC = YES;
				CLANG_ENABLE_OBJC_WEAK = YES;
				CLANG_WARN_BLOCK_CAPTURE_AUTORELEASING = YES;
				CLANG_WARN_BOOL_CONVERSION = YES;
				CLANG_WARN_COMMA = YES;
				CLANG_WARN_CONSTANT_CONVERSION = YES;
				CLANG_WARN_DEPRECATED_OBJC_IMPLEMENTATIONS = YES;
				CLANG_WARN_DIRECT_OBJC_ISA_USAGE = YES_ERROR;
				CLANG_WARN_DOCUMENTATION_COMMENTS = YES;
				CLANG_WARN_EMPTY_BODY = YES;
				CLANG_WARN_ENUM_CONVERSION = YES;
				CLANG_WARN_INFINITE_RECURSION = YES;
				CLANG_WARN_INT_CONVERSION = YES;
				CLANG_WARN_NON_LITERAL_NULL_CONVERSION = YES;
				CLANG_WARN_OBJC_IMPLICIT_RETAIN_SELF = YES;
				CLANG_WARN_OBJC_LITERAL_CONVERSION = YES;
				CLANG_WARN_OBJC_ROOT_CLASS = YES_ERROR;
				CLANG_WARN_RANGE_LOOP_ANALYSIS = YES;
				CLANG_WARN_STRICT_PROTOTYPES = YES;
				CLANG_WARN_SUSPICIOUS_MOVE = YES;
				CLANG_WARN_UNGUARDED_AVAILABILITY = YES_AGGRESSIVE;
				CLANG_WARN_UNREACHABLE_CODE = YES;
				CLANG_WARN__DUPLICATE_METHOD_MATCH = YES;
				COPY_PHASE_STRIP = NO;
				DEBUG_INFORMATION_FORMAT = dwarf;
				ENABLE_STRICT_OBJC_MSGSEND = YES;
				ENABLE_TESTABILITY = YES;
				GCC_C_LANGUAGE_STANDARD = gnu11;
				GCC_DYNAMIC_NO_PIC = NO;
				GCC_NO_COMMON_BLOCKS = YES;
				GCC_OPTIMIZATION_LEVEL = 0;
				GCC_PREPROCESSOR_DEFINITIONS = (
					"DEBUG=1",
					"$(inherited)",
				);
				GCC_WARN_64_TO_32_BIT_CONVERSION = YES;
				GCC_WARN_ABOUT_RETURN_TYPE = YES_ERROR;
				GCC_WARN_UNDECLARED_SELECTOR = YES;
				GCC_WARN_UNINITIALIZED_AUTOS = YES_AGGRESSIVE;
				GCC_WARN_UNUSED_FUNCTION = YES;
				GCC_WARN_UNUSED_VARIABLE = YES;
				IPHONEOS_DEPLOYMENT_TARGET = 13.4;
				MTL_ENABLE_DEBUG_INFO = INCLUDE_SOURCE;
				MTL_FAST_MATH = YES;
				ONLY_ACTIVE_ARCH = YES;
				SDKROOT = iphoneos;
				SWIFT_ACTIVE_COMPILATION_CONDITIONS = DEBUG;
				SWIFT_OPTIMIZATION_LEVEL = "-Onone";
			};
			name = Debug;
		};
		ED127B4F2430EDC300C7E37B /* Release */ = {
			isa = XCBuildConfiguration;
			buildSettings = {
				ALWAYS_SEARCH_USER_PATHS = NO;
				CLANG_ANALYZER_NONNULL = YES;
				CLANG_ANALYZER_NUMBER_OBJECT_CONVERSION = YES_AGGRESSIVE;
				CLANG_CXX_LANGUAGE_STANDARD = "gnu++14";
				CLANG_CXX_LIBRARY = "libc++";
				CLANG_ENABLE_MODULES = YES;
				CLANG_ENABLE_OBJC_ARC = YES;
				CLANG_ENABLE_OBJC_WEAK = YES;
				CLANG_WARN_BLOCK_CAPTURE_AUTORELEASING = YES;
				CLANG_WARN_BOOL_CONVERSION = YES;
				CLANG_WARN_COMMA = YES;
				CLANG_WARN_CONSTANT_CONVERSION = YES;
				CLANG_WARN_DEPRECATED_OBJC_IMPLEMENTATIONS = YES;
				CLANG_WARN_DIRECT_OBJC_ISA_USAGE = YES_ERROR;
				CLANG_WARN_DOCUMENTATION_COMMENTS = YES;
				CLANG_WARN_EMPTY_BODY = YES;
				CLANG_WARN_ENUM_CONVERSION = YES;
				CLANG_WARN_INFINITE_RECURSION = YES;
				CLANG_WARN_INT_CONVERSION = YES;
				CLANG_WARN_NON_LITERAL_NULL_CONVERSION = YES;
				CLANG_WARN_OBJC_IMPLICIT_RETAIN_SELF = YES;
				CLANG_WARN_OBJC_LITERAL_CONVERSION = YES;
				CLANG_WARN_OBJC_ROOT_CLASS = YES_ERROR;
				CLANG_WARN_RANGE_LOOP_ANALYSIS = YES;
				CLANG_WARN_STRICT_PROTOTYPES = YES;
				CLANG_WARN_SUSPICIOUS_MOVE = YES;
				CLANG_WARN_UNGUARDED_AVAILABILITY = YES_AGGRESSIVE;
				CLANG_WARN_UNREACHABLE_CODE = YES;
				CLANG_WARN__DUPLICATE_METHOD_MATCH = YES;
				COPY_PHASE_STRIP = NO;
				DEBUG_INFORMATION_FORMAT = "dwarf-with-dsym";
				ENABLE_NS_ASSERTIONS = NO;
				ENABLE_STRICT_OBJC_MSGSEND = YES;
				GCC_C_LANGUAGE_STANDARD = gnu11;
				GCC_NO_COMMON_BLOCKS = YES;
				GCC_WARN_64_TO_32_BIT_CONVERSION = YES;
				GCC_WARN_ABOUT_RETURN_TYPE = YES_ERROR;
				GCC_WARN_UNDECLARED_SELECTOR = YES;
				GCC_WARN_UNINITIALIZED_AUTOS = YES_AGGRESSIVE;
				GCC_WARN_UNUSED_FUNCTION = YES;
				GCC_WARN_UNUSED_VARIABLE = YES;
				IPHONEOS_DEPLOYMENT_TARGET = 13.4;
				MTL_ENABLE_DEBUG_INFO = NO;
				MTL_FAST_MATH = YES;
				SDKROOT = iphoneos;
				SWIFT_COMPILATION_MODE = wholemodule;
				SWIFT_OPTIMIZATION_LEVEL = "-O";
				VALIDATE_PRODUCT = YES;
			};
			name = Release;
		};
		ED127B512430EDC300C7E37B /* Debug */ = {
			isa = XCBuildConfiguration;
			buildSettings = {
				ASSETCATALOG_COMPILER_APPICON_NAME = AppIcon;
				CODE_SIGN_STYLE = Automatic;
				DEVELOPMENT_TEAM = U829Y8TDD7;
				INFOPLIST_FILE = Set/Info.plist;
				IPHONEOS_DEPLOYMENT_TARGET = 13.4;
				LD_RUNPATH_SEARCH_PATHS = (
					"$(inherited)",
					"@executable_path/Frameworks",
				);
				PRODUCT_BUNDLE_IDENTIFIER = sidayang.learning.Set;
				PRODUCT_NAME = "$(TARGET_NAME)";
				SWIFT_VERSION = 5.0;
				TARGETED_DEVICE_FAMILY = "1,2";
			};
			name = Debug;
		};
		ED127B522430EDC300C7E37B /* Release */ = {
			isa = XCBuildConfiguration;
			buildSettings = {
				ASSETCATALOG_COMPILER_APPICON_NAME = AppIcon;
				CODE_SIGN_STYLE = Automatic;
				DEVELOPMENT_TEAM = U829Y8TDD7;
				INFOPLIST_FILE = Set/Info.plist;
				IPHONEOS_DEPLOYMENT_TARGET = 13.4;
				LD_RUNPATH_SEARCH_PATHS = (
					"$(inherited)",
					"@executable_path/Frameworks",
				);
				PRODUCT_BUNDLE_IDENTIFIER = sidayang.learning.Set;
				PRODUCT_NAME = "$(TARGET_NAME)";
				SWIFT_VERSION = 5.0;
				TARGETED_DEVICE_FAMILY = "1,2";
			};
			name = Release;
		};
/* End XCBuildConfiguration section */

/* Begin XCConfigurationList section */
		ED127B372430EDBF00C7E37B /* Build configuration list for PBXProject "Set" */ = {
			isa = XCConfigurationList;
			buildConfigurations = (
				ED127B4E2430EDC300C7E37B /* Debug */,
				ED127B4F2430EDC300C7E37B /* Release */,
			);
			defaultConfigurationIsVisible = 0;
			defaultConfigurationName = Release;
		};
		ED127B502430EDC300C7E37B /* Build configuration list for PBXNativeTarget "Set" */ = {
			isa = XCConfigurationList;
			buildConfigurations = (
				ED127B512430EDC300C7E37B /* Debug */,
				ED127B522430EDC300C7E37B /* Release */,
			);
			defaultConfigurationIsVisible = 0;
			defaultConfigurationName = Release;
		};
/* End XCConfigurationList section */
	};
	rootObject = ED127B342430EDBF00C7E37B /* Project object */;
}
